<?xml version="1.0" encoding="utf-8"?>
<Project ToolsVersion="4.0" xmlns="http://schemas.microsoft.com/developer/msbuild/2003">
  <ItemGroup>
    <Filter Include="源文件">
      <UniqueIdentifier>{4FC737F1-C7A5-4376-A066-2A32D752A2FF}</UniqueIdentifier>
      <Extensions>cpp;c;cc;cxx;c++;cppm;ixx;def;odl;idl;hpj;bat;asm;asmx</Extensions>
    </Filter>
    <Filter Include="头文件">
      <UniqueIdentifier>{93995380-89BD-4b04-88EB-625FBE52EBFB}</UniqueIdentifier>
      <Extensions>h;hh;hpp;hxx;h++;hm;inl;inc;ipp;xsd</Extensions>
    </Filter>
    <Filter Include="资源文件">
      <UniqueIdentifier>{67DA6AB6-F800-4c08-8B7A-83BB121AAD01}</UniqueIdentifier>
      <Extensions>rc;ico;cur;bmp;dlg;rc2;rct;bin;rgs;gif;jpg;jpeg;jpe;resx;tiff;tif;png;wav;mfcribbon-ms</Extensions>
    </Filter>
    <Filter Include="头文件\Math">
      <UniqueIdentifier>{8d730247-1811-4cdb-a444-1bcc69253e42}</UniqueIdentifier>
    </Filter>
    <Filter Include="头文件\Sango.CodeHelper">
      <UniqueIdentifier>{0af150c9-7791-4518-a74e-97d05f5fd622}</UniqueIdentifier>
    </Filter>
    <Filter Include="源文件\Sango.CodeHelper">
      <UniqueIdentifier>{02032900-15b0-4a27-bb3b-b09b7f1c8ea1}</UniqueIdentifier>
    </Filter>
    <Filter Include="头文件\LinearStructures">
      <UniqueIdentifier>{ed7547a4-0e25-4c4e-8022-6ae58ee5c618}</UniqueIdentifier>
    </Filter>
    <Filter Include="头文件\LinearStructures\Sango.ChainedNode">
      <UniqueIdentifier>{bbebe0ed-643d-40da-881e-11f0287049a9}</UniqueIdentifier>
    </Filter>
    <Filter Include="头文件\LinearStructures\Sango.LinearList">
      <UniqueIdentifier>{6985e6d5-9a90-4684-b5aa-87f8a68afda4}</UniqueIdentifier>
    </Filter>
    <Filter Include="源文件\LinearStructures">
      <UniqueIdentifier>{1995e0f3-7bcf-4d27-bd63-0af5b9d50efd}</UniqueIdentifier>
    </Filter>
    <Filter Include="源文件\LinearStructures\Sango.ChainedNode">
      <UniqueIdentifier>{34964f7d-643f-4b78-9c07-2dddbb585dd8}</UniqueIdentifier>
    </Filter>
    <Filter Include="源文件\LinearStructures\Sango.LinearList">
      <UniqueIdentifier>{53802ed8-fa85-46c3-a20f-fcaf0cb311bf}</UniqueIdentifier>
    </Filter>
  </ItemGroup>
  <ItemGroup>
    <ClInclude Include="Sango.Bool.h">
      <Filter>头文件</Filter>
    </ClInclude>
    <ClInclude Include="Sango.Math.CodeHelper.h">
      <Filter>头文件\Math</Filter>
    </ClInclude>
    <ClInclude Include="Sango.Math.Fibonacci.h">
      <Filter>头文件\Math</Filter>
    </ClInclude>
    <ClInclude Include="Sango.Math.FunctionPX.h">
      <Filter>头文件\Math</Filter>
    </ClInclude>
    <ClInclude Include="Sango.StringHelper.h">
      <Filter>头文件</Filter>
    </ClInclude>
    <ClInclude Include="Sango.CodeHelpers.h">
      <Filter>头文件\Sango.CodeHelper</Filter>
    </ClInclude>
    <ClInclude Include="Sango.CodeHelper.ConnectArguments.h">
      <Filter>头文件\Sango.CodeHelper</Filter>
    </ClInclude>
    <ClInclude Include="Sango.CodeHelper.RepeatArguments.h">
      <Filter>头文件\Sango.CodeHelper</Filter>
    </ClInclude>
    <ClInclude Include="Sango.CodeHelper.IterateArguments.h">
      <Filter>头文件\Sango.CodeHelper</Filter>
    </ClInclude>
    <ClInclude Include="Sango.CodeHelper.SimpleMalloc.h">
      <Filter>头文件\Sango.CodeHelper</Filter>
    </ClInclude>
    <ClInclude Include="Sango.CodeHelper.Generic.h">
      <Filter>头文件\Sango.CodeHelper</Filter>
    </ClInclude>
    <ClInclude Include="Sango.ChainedNode.h">
      <Filter>头文件\LinearStructures\Sango.ChainedNode</Filter>
    </ClInclude>
    <ClInclude Include="Sango.ChainedNode.Extension.h">
      <Filter>头文件\LinearStructures\Sango.ChainedNode</Filter>
    </ClInclude>
    <ClInclude Include="Sango.LinearList.h">
      <Filter>头文件\LinearStructures\Sango.LinearList</Filter>
    </ClInclude>
    <ClInclude Include="Sango.LinearList.Extension.h">
      <Filter>头文件\LinearStructures\Sango.LinearList</Filter>
    </ClInclude>
    <ClInclude Include="Sango.XOrChainedNode.h">
      <Filter>头文件\LinearStructures\Sango.ChainedNode</Filter>
    </ClInclude>
    <ClInclude Include="Sango.CodeHelper.Generic.Extension.h">
      <Filter>头文件\Sango.CodeHelper</Filter>
    </ClInclude>
    <ClInclude Include="Sango.LinkedNode.h">
      <Filter>头文件\LinearStructures\Sango.ChainedNode</Filter>
    </ClInclude>
    <ClInclude Include="Sango.LinkedNode.Extension.h">
      <Filter>头文件\LinearStructures\Sango.ChainedNode</Filter>
    </ClInclude>
    <ClInclude Include="约瑟夫环.h">
      <Filter>头文件</Filter>
    </ClInclude>
  </ItemGroup>
  <ItemGroup>
    <ClCompile Include="main.c">
      <Filter>源文件</Filter>
    </ClCompile>
    <ClCompile Include="Sango.ChainedNode.Extension.c">
      <Filter>源文件\LinearStructures\Sango.ChainedNode</Filter>
    </ClCompile>
    <ClCompile Include="Sango.LinearList.Extension.c">
      <Filter>源文件\LinearStructures\Sango.LinearList</Filter>
    </ClCompile>
    <ClCompile Include="Sango.CodeHelper.Generic.Extension.c">
      <Filter>源文件\Sango.CodeHelper</Filter>
    </ClCompile>
    <ClCompile Include="Sango.LinkedNode.Extension.c">
      <Filter>源文件\LinearStructures\Sango.ChainedNode</Filter>
    </ClCompile>
  </ItemGroup>
  <ItemGroup>
    <None Include="动态规划.md" />
    <None Include="ClassDiagram.cd" />
  </ItemGroup>
</Project>